
Microsoft Visual Studio Solution File, Format Version 12.00
# Visual Studio Version 17
VisualStudioVersion = 17.0.31903.59
MinimumVisualStudioVersion = 10.0.40219.1
Project("{FAE04EC0-301F-11D3-BF4B-00C04F79EFBC}") = "InterviewAspNetCore", "InterviewAspNetCore\InterviewAspNetCore.csproj", "{D6F9E799-E0F8-4752-B581-ED5501BAAFCF}"
EndProject
Project("{FAE04EC0-301F-11D3-BF4B-00C04F79EFBC}") = "InterviewEntityFramework", "InterviewEntityFramework\InterviewEntityFramework.csproj", "{010F7303-A42B-4F89-9049-4A7FF91844C7}"
EndProject
Project("{FAE04EC0-301F-11D3-BF4B-00C04F79EFBC}") = "InterviewTests", "InterviewTests\InterviewTests.csproj", "{B699BF23-5924-48B2-AA4A-49625E53EE88}"
EndProject
Project("{FAE04EC0-301F-11D3-BF4B-00C04F79EFBC}") = "InterviewWorkAround", "InterviewWorkAround\InterviewWorkAround.csproj", "{7642B135-35AE-49B1-A936-F22E421FF990}"
EndProject
Global
	GlobalSection(SolutionConfigurationPlatforms) = preSolution
		Debug|Any CPU = Debug|Any CPU
		Release|Any CPU = Release|Any CPU
	EndGlobalSection
	GlobalSection(SolutionProperties) = preSolution
		HideSolutionNode = FALSE
	EndGlobalSection
	GlobalSection(ProjectConfigurationPlatforms) = postSolution
		{D6F9E799-E0F8-4752-B581-ED5501BAAFCF}.Debug|Any CPU.ActiveCfg = Debug|Any CPU
		{D6F9E799-E0F8-4752-B581-ED5501BAAFCF}.Debug|Any CPU.Build.0 = Debug|Any CPU
		{D6F9E799-E0F8-4752-B581-ED5501BAAFCF}.Release|Any CPU.ActiveCfg = Release|Any CPU
		{D6F9E799-E0F8-4752-B581-ED5501BAAFCF}.Release|Any CPU.Build.0 = Release|Any CPU
		{010F7303-A42B-4F89-9049-4A7FF91844C7}.Debug|Any CPU.ActiveCfg = Debug|Any CPU
		{010F7303-A42B-4F89-9049-4A7FF91844C7}.Debug|Any CPU.Build.0 = Debug|Any CPU
		{010F7303-A42B-4F89-9049-4A7FF91844C7}.Release|Any CPU.ActiveCfg = Release|Any CPU
		{010F7303-A42B-4F89-9049-4A7FF91844C7}.Release|Any CPU.Build.0 = Release|Any CPU
		{B699BF23-5924-48B2-AA4A-49625E53EE88}.Debug|Any CPU.ActiveCfg = Debug|Any CPU
		{B699BF23-5924-48B2-AA4A-49625E53EE88}.Debug|Any CPU.Build.0 = Debug|Any CPU
		{B699BF23-5924-48B2-AA4A-49625E53EE88}.Release|Any CPU.ActiveCfg = Release|Any CPU
		{B699BF23-5924-48B2-AA4A-49625E53EE88}.Release|Any CPU.Build.0 = Release|Any CPU
		{7642B135-35AE-49B1-A936-F22E421FF990}.Debug|Any CPU.ActiveCfg = Debug|Any CPU
		{7642B135-35AE-49B1-A936-F22E421FF990}.Debug|Any CPU.Build.0 = Debug|Any CPU
		{7642B135-35AE-49B1-A936-F22E421FF990}.Release|Any CPU.ActiveCfg = Release|Any CPU
		{7642B135-35AE-49B1-A936-F22E421FF990}.Release|Any CPU.Build.0 = Release|Any CPU
	EndGlobalSection
EndGlobal
